
Microsoft Visual Studio Solution File, Format Version 12.00
# Visual Studio Version 17
VisualStudioVersion = 17.2.32616.157
MinimumVisualStudioVersion = 10.0.40219.1
Project("{FAE04EC0-301F-11D3-BF4B-00C04F79EFBC}") = "TheModernRegistry", "TheModernRegistry\TheModernRegistry.csproj", "{2CA64F00-975C-49FD-9138-A800EC6ED4A2}"
EndProject
Global
	GlobalSection(SolutionConfigurationPlatforms) = preSolution
		Debug|Any CPU = Debug|Any CPU
		Release|Any CPU = Release|Any CPU
	EndGlobalSection
	GlobalSection(ProjectConfigurationPlatforms) = postSolution
		{2CA64F00-975C-49FD-9138-A800EC6ED4A2}.Debug|Any CPU.ActiveCfg = Debug|Any CPU
		{2CA64F00-975C-49FD-9138-A800EC6ED4A2}.Debug|Any CPU.Build.0 = Debug|Any CPU
		{2CA64F00-975C-49FD-9138-A800EC6ED4A2}.Release|Any CPU.ActiveCfg = Release|Any CPU
		{2CA64F00-975C-49FD-9138-A800EC6ED4A2}.Release|Any CPU.Build.0 = Release|Any CPU
	EndGlobalSection
	GlobalSection(SolutionProperties) = preSolution
		HideSolutionNode = FALSE
	EndGlobalSection
	GlobalSection(ExtensibilityGlobals) = postSolution
		SolutionGuid = {0F162F16-4F96-41FC-890B-06F99496EF1F}
	EndGlobalSection
EndGlobal
